
Microsoft Visual Studio Solution File, Format Version 12.00
# Visual Studio 15
VisualStudioVersion = 15.0.27130.2036
MinimumVisualStudioVersion = 10.0.40219.1
Project("{FAE04EC0-301F-11D3-BF4B-00C04F79EFBC}") = "SBW.MVC", "SBW.MVC\SBW.MVC.csproj", "{1280D458-307F-4D33-AEFA-DF23BD0A8608}"
EndProject
Global
	GlobalSection(SolutionConfigurationPlatforms) = preSolution
		Debug|Any CPU = Debug|Any CPU
		Release|Any CPU = Release|Any CPU
	EndGlobalSection
	GlobalSection(ProjectConfigurationPlatforms) = postSolution
		{1280D458-307F-4D33-AEFA-DF23BD0A8608}.Debug|Any CPU.ActiveCfg = Debug|Any CPU
		{1280D458-307F-4D33-AEFA-DF23BD0A8608}.Debug|Any CPU.Build.0 = Debug|Any CPU
		{1280D458-307F-4D33-AEFA-DF23BD0A8608}.Release|Any CPU.ActiveCfg = Release|Any CPU
		{1280D458-307F-4D33-AEFA-DF23BD0A8608}.Release|Any CPU.Build.0 = Release|Any CPU
	EndGlobalSection
	GlobalSection(SolutionProperties) = preSolution
		HideSolutionNode = FALSE
	EndGlobalSection
	GlobalSection(ExtensibilityGlobals) = postSolution
		SolutionGuid = {FE06E37A-F5B7-419F-B31D-BF5CF6EEAB50}
	EndGlobalSection
EndGlobal
